
Microsoft Visual Studio Solution File, Format Version 12.00
# Visual Studio Version 17
VisualStudioVersion = 17.1.32210.238
MinimumVisualStudioVersion = 10.0.40219.1
Project("{2150E333-8FDC-42A3-9474-1A3956D46DE8}") = "Common", "Common", "{CC189A9E-220D-4FD1-99BE-B39539E752F9}"
EndProject
Project("{2150E333-8FDC-42A3-9474-1A3956D46DE8}") = "Data", "Data", "{49F72E7C-077F-478F-9368-0FDF0D43478D}"
EndProject
Project("{2150E333-8FDC-42A3-9474-1A3956D46DE8}") = "Services", "Services", "{E2F17E24-5EA9-49C8-82DB-4B2FFE54F89F}"
EndProject
Project("{2150E333-8FDC-42A3-9474-1A3956D46DE8}") = "UI", "UI", "{6FE3D8FD-815C-439F-A96D-A9B492197888}"
EndProject
Project("{2150E333-8FDC-42A3-9474-1A3956D46DE8}") = "Tests", "Tests", "{305E7E0A-2CCD-4B39-95DD-648C72840ECE}"
EndProject
Project("{9A19103F-16F7-4668-BE54-9A1E7A4F7556}") = "CoureProject.Domain", "Common\CoureProject.Domain\CoureProject.Domain.csproj", "{F2FEECFF-1C39-46A3-AB61-6892C287A390}"
EndProject
Project("{9A19103F-16F7-4668-BE54-9A1E7A4F7556}") = "CoureProject.Domain.Base", "Common\CoureProject.Domain.Base\CoureProject.Domain.Base.csproj", "{EA17FD51-66B4-4E59-BDA2-0CE8543DDA8D}"
EndProject
Project("{9A19103F-16F7-4668-BE54-9A1E7A4F7556}") = "CoureProject.DAL", "Data\CoureProject.DAL\CoureProject.DAL.csproj", "{BACDA6E9-B6F5-4D9B-9445-07E9BBD77BA2}"
EndProject
Project("{9A19103F-16F7-4668-BE54-9A1E7A4F7556}") = "CoureProject.DAL.SQLiteServer", "Data\CoureProject.DAL.MSSQLServer\CoureProject.DAL.SQLiteServer.csproj", "{E89104DA-FE17-427A-9EDF-F381CD3D730D}"
EndProject
Project("{9A19103F-16F7-4668-BE54-9A1E7A4F7556}") = "CoureProject.Interfaces", "Services\CoureProject.Interfaces\CoureProject.Interfaces.csproj", "{D0D0E4D4-E265-429D-8D43-4B1ED706DB33}"
EndProject
Project("{9A19103F-16F7-4668-BE54-9A1E7A4F7556}") = "CoureProject.Interfaces.Base", "Services\CoureProject.Interfaces.Base\CoureProject.Interfaces.Base.csproj", "{AC391E11-DE95-4C39-A889-6A2F43D78219}"
EndProject
Project("{9A19103F-16F7-4668-BE54-9A1E7A4F7556}") = "CoureProject.Services", "Services\CoureProject.Services\CoureProject.Services.csproj", "{651E7F82-5355-4117-890C-3D350DCFB2FC}"
EndProject
Project("{9A19103F-16F7-4668-BE54-9A1E7A4F7556}") = "CoureProject.WebAPI", "Services\CoureProject.WebAPI\CoureProject.WebAPI.csproj", "{B0731208-D4B9-47A4-BECD-E1D6C609F875}"
EndProject
Project("{9A19103F-16F7-4668-BE54-9A1E7A4F7556}") = "CoureProject.WebAPI.Clients", "Services\CoureProject.WebAPI.Clients\CoureProject.WebAPI.Clients.csproj", "{9D284A63-247A-43E6-8132-40A6DBFFABBD}"
EndProject
Project("{9A19103F-16F7-4668-BE54-9A1E7A4F7556}") = "CoureProject.TestConsole", "Tests\CoureProject.TestConsole\CoureProject.TestConsole.csproj", "{E288077E-9554-45C1-9E96-C9233F620534}"
EndProject
Project("{9A19103F-16F7-4668-BE54-9A1E7A4F7556}") = "CoureProject.MVC", "UI\CoureProject.MVC\CoureProject.MVC.csproj", "{927691B6-157B-4034-9460-BC22DAF934B7}"
EndProject
Project("{9A19103F-16F7-4668-BE54-9A1E7A4F7556}") = "CoureProject.WPF", "UI\CoureProject.WPF\CoureProject.WPF.csproj", "{6688CF92-D4CF-41E0-8955-87413DB9CE8D}"
EndProject
Global
	GlobalSection(SolutionConfigurationPlatforms) = preSolution
		Debug|Any CPU = Debug|Any CPU
		Release|Any CPU = Release|Any CPU
	EndGlobalSection
	GlobalSection(ProjectConfigurationPlatforms) = postSolution
		{F2FEECFF-1C39-46A3-AB61-6892C287A390}.Debug|Any CPU.ActiveCfg = Debug|Any CPU
		{F2FEECFF-1C39-46A3-AB61-6892C287A390}.Debug|Any CPU.Build.0 = Debug|Any CPU
		{F2FEECFF-1C39-46A3-AB61-6892C287A390}.Release|Any CPU.ActiveCfg = Release|Any CPU
		{F2FEECFF-1C39-46A3-AB61-6892C287A390}.Release|Any CPU.Build.0 = Release|Any CPU
		{EA17FD51-66B4-4E59-BDA2-0CE8543DDA8D}.Debug|Any CPU.ActiveCfg = Debug|Any CPU
		{EA17FD51-66B4-4E59-BDA2-0CE8543DDA8D}.Debug|Any CPU.Build.0 = Debug|Any CPU
		{EA17FD51-66B4-4E59-BDA2-0CE8543DDA8D}.Release|Any CPU.ActiveCfg = Release|Any CPU
		{EA17FD51-66B4-4E59-BDA2-0CE8543DDA8D}.Release|Any CPU.Build.0 = Release|Any CPU
		{BACDA6E9-B6F5-4D9B-9445-07E9BBD77BA2}.Debug|Any CPU.ActiveCfg = Debug|Any CPU
		{BACDA6E9-B6F5-4D9B-9445-07E9BBD77BA2}.Debug|Any CPU.Build.0 = Debug|Any CPU
		{BACDA6E9-B6F5-4D9B-9445-07E9BBD77BA2}.Release|Any CPU.ActiveCfg = Release|Any CPU
		{BACDA6E9-B6F5-4D9B-9445-07E9BBD77BA2}.Release|Any CPU.Build.0 = Release|Any CPU
		{E89104DA-FE17-427A-9EDF-F381CD3D730D}.Debug|Any CPU.ActiveCfg = Debug|Any CPU
		{E89104DA-FE17-427A-9EDF-F381CD3D730D}.Debug|Any CPU.Build.0 = Debug|Any CPU
		{E89104DA-FE17-427A-9EDF-F381CD3D730D}.Release|Any CPU.ActiveCfg = Release|Any CPU
		{E89104DA-FE17-427A-9EDF-F381CD3D730D}.Release|Any CPU.Build.0 = Release|Any CPU
		{D0D0E4D4-E265-429D-8D43-4B1ED706DB33}.Debug|Any CPU.ActiveCfg = Debug|Any CPU
		{D0D0E4D4-E265-429D-8D43-4B1ED706DB33}.Debug|Any CPU.Build.0 = Debug|Any CPU
		{D0D0E4D4-E265-429D-8D43-4B1ED706DB33}.Release|Any CPU.ActiveCfg = Release|Any CPU
		{D0D0E4D4-E265-429D-8D43-4B1ED706DB33}.Release|Any CPU.Build.0 = Release|Any CPU
		{AC391E11-DE95-4C39-A889-6A2F43D78219}.Debug|Any CPU.ActiveCfg = Debug|Any CPU
		{AC391E11-DE95-4C39-A889-6A2F43D78219}.Debug|Any CPU.Build.0 = Debug|Any CPU
		{AC391E11-DE95-4C39-A889-6A2F43D78219}.Release|Any CPU.ActiveCfg = Release|Any CPU
		{AC391E11-DE95-4C39-A889-6A2F43D78219}.Release|Any CPU.Build.0 = Release|Any CPU
		{651E7F82-5355-4117-890C-3D350DCFB2FC}.Debug|Any CPU.ActiveCfg = Debug|Any CPU
		{651E7F82-5355-4117-890C-3D350DCFB2FC}.Debug|Any CPU.Build.0 = Debug|Any CPU
		{651E7F82-5355-4117-890C-3D350DCFB2FC}.Release|Any CPU.ActiveCfg = Release|Any CPU
		{651E7F82-5355-4117-890C-3D350DCFB2FC}.Release|Any CPU.Build.0 = Release|Any CPU
		{B0731208-D4B9-47A4-BECD-E1D6C609F875}.Debug|Any CPU.ActiveCfg = Debug|Any CPU
		{B0731208-D4B9-47A4-BECD-E1D6C609F875}.Debug|Any CPU.Build.0 = Debug|Any CPU
		{B0731208-D4B9-47A4-BECD-E1D6C609F875}.Release|Any CPU.ActiveCfg = Release|Any CPU
		{B0731208-D4B9-47A4-BECD-E1D6C609F875}.Release|Any CPU.Build.0 = Release|Any CPU
		{9D284A63-247A-43E6-8132-40A6DBFFABBD}.Debug|Any CPU.ActiveCfg = Debug|Any CPU
		{9D284A63-247A-43E6-8132-40A6DBFFABBD}.Debug|Any CPU.Build.0 = Debug|Any CPU
		{9D284A63-247A-43E6-8132-40A6DBFFABBD}.Release|Any CPU.ActiveCfg = Release|Any CPU
		{9D284A63-247A-43E6-8132-40A6DBFFABBD}.Release|Any CPU.Build.0 = Release|Any CPU
		{E288077E-9554-45C1-9E96-C9233F620534}.Debug|Any CPU.ActiveCfg = Debug|Any CPU
		{E288077E-9554-45C1-9E96-C9233F620534}.Debug|Any CPU.Build.0 = Debug|Any CPU
		{E288077E-9554-45C1-9E96-C9233F620534}.Release|Any CPU.ActiveCfg = Release|Any CPU
		{E288077E-9554-45C1-9E96-C9233F620534}.Release|Any CPU.Build.0 = Release|Any CPU
		{927691B6-157B-4034-9460-BC22DAF934B7}.Debug|Any CPU.ActiveCfg = Debug|Any CPU
		{927691B6-157B-4034-9460-BC22DAF934B7}.Debug|Any CPU.Build.0 = Debug|Any CPU
		{927691B6-157B-4034-9460-BC22DAF934B7}.Release|Any CPU.ActiveCfg = Release|Any CPU
		{927691B6-157B-4034-9460-BC22DAF934B7}.Release|Any CPU.Build.0 = Release|Any CPU
		{6688CF92-D4CF-41E0-8955-87413DB9CE8D}.Debug|Any CPU.ActiveCfg = Debug|Any CPU
		{6688CF92-D4CF-41E0-8955-87413DB9CE8D}.Debug|Any CPU.Build.0 = Debug|Any CPU
		{6688CF92-D4CF-41E0-8955-87413DB9CE8D}.Release|Any CPU.ActiveCfg = Release|Any CPU
		{6688CF92-D4CF-41E0-8955-87413DB9CE8D}.Release|Any CPU.Build.0 = Release|Any CPU
	EndGlobalSection
	GlobalSection(SolutionProperties) = preSolution
		HideSolutionNode = FALSE
	EndGlobalSection
	GlobalSection(NestedProjects) = preSolution
		{F2FEECFF-1C39-46A3-AB61-6892C287A390} = {CC189A9E-220D-4FD1-99BE-B39539E752F9}
		{EA17FD51-66B4-4E59-BDA2-0CE8543DDA8D} = {CC189A9E-220D-4FD1-99BE-B39539E752F9}
		{BACDA6E9-B6F5-4D9B-9445-07E9BBD77BA2} = {49F72E7C-077F-478F-9368-0FDF0D43478D}
		{E89104DA-FE17-427A-9EDF-F381CD3D730D} = {49F72E7C-077F-478F-9368-0FDF0D43478D}
		{D0D0E4D4-E265-429D-8D43-4B1ED706DB33} = {E2F17E24-5EA9-49C8-82DB-4B2FFE54F89F}
		{AC391E11-DE95-4C39-A889-6A2F43D78219} = {E2F17E24-5EA9-49C8-82DB-4B2FFE54F89F}
		{651E7F82-5355-4117-890C-3D350DCFB2FC} = {E2F17E24-5EA9-49C8-82DB-4B2FFE54F89F}
		{B0731208-D4B9-47A4-BECD-E1D6C609F875} = {E2F17E24-5EA9-49C8-82DB-4B2FFE54F89F}
		{9D284A63-247A-43E6-8132-40A6DBFFABBD} = {E2F17E24-5EA9-49C8-82DB-4B2FFE54F89F}
		{E288077E-9554-45C1-9E96-C9233F620534} = {305E7E0A-2CCD-4B39-95DD-648C72840ECE}
		{927691B6-157B-4034-9460-BC22DAF934B7} = {6FE3D8FD-815C-439F-A96D-A9B492197888}
		{6688CF92-D4CF-41E0-8955-87413DB9CE8D} = {6FE3D8FD-815C-439F-A96D-A9B492197888}
	EndGlobalSection
	GlobalSection(ExtensibilityGlobals) = postSolution
		SolutionGuid = {A50B4FDE-0A49-4534-82A1-69A7B03BEC90}
	EndGlobalSection
EndGlobal
