
Microsoft Visual Studio Solution File, Format Version 12.00
# Visual Studio Version 17
VisualStudioVersion = 17.1.32210.238
MinimumVisualStudioVersion = 10.0.40219.1
Project("{FAE04EC0-301F-11D3-BF4B-00C04F79EFBC}") = "WpfAppWPF", "WpfAppWPF\WpfAppWPF.csproj", "{55A49E98-F939-4FF5-A69F-3FF2C44329A3}"
EndProject
Project("{FAE04EC0-301F-11D3-BF4B-00C04F79EFBC}") = "TestConsole", "TestConsole\TestConsole.csproj", "{0C74B007-0596-4144-B5AD-C20AA7A52FA7}"
EndProject
Global
	GlobalSection(SolutionConfigurationPlatforms) = preSolution
		Debug|Any CPU = Debug|Any CPU
		Release|Any CPU = Release|Any CPU
	EndGlobalSection
	GlobalSection(ProjectConfigurationPlatforms) = postSolution
		{55A49E98-F939-4FF5-A69F-3FF2C44329A3}.Debug|Any CPU.ActiveCfg = Debug|Any CPU
		{55A49E98-F939-4FF5-A69F-3FF2C44329A3}.Debug|Any CPU.Build.0 = Debug|Any CPU
		{55A49E98-F939-4FF5-A69F-3FF2C44329A3}.Release|Any CPU.ActiveCfg = Release|Any CPU
		{55A49E98-F939-4FF5-A69F-3FF2C44329A3}.Release|Any CPU.Build.0 = Release|Any CPU
		{0C74B007-0596-4144-B5AD-C20AA7A52FA7}.Debug|Any CPU.ActiveCfg = Debug|Any CPU
		{0C74B007-0596-4144-B5AD-C20AA7A52FA7}.Debug|Any CPU.Build.0 = Debug|Any CPU
		{0C74B007-0596-4144-B5AD-C20AA7A52FA7}.Release|Any CPU.ActiveCfg = Release|Any CPU
		{0C74B007-0596-4144-B5AD-C20AA7A52FA7}.Release|Any CPU.Build.0 = Release|Any CPU
	EndGlobalSection
	GlobalSection(SolutionProperties) = preSolution
		HideSolutionNode = FALSE
	EndGlobalSection
	GlobalSection(ExtensibilityGlobals) = postSolution
		SolutionGuid = {CB4B3F30-0AC7-4A9C-8ED9-59F25A46CA0D}
	EndGlobalSection
EndGlobal
